
Microsoft Visual Studio Solution File, Format Version 12.00
# Visual Studio Version 17
VisualStudioVersion = 17.12.35527.113
MinimumVisualStudioVersion = 10.0.40219.1
Project("{FAE04EC0-301F-11D3-BF4B-00C04F79EFBC}") = "FunctionAppDoc2Data", "FunctionAppDoc2Data\FunctionAppDoc2Data.csproj", "{000E6AB2-3646-4C3B-9BAE-9055C9384A8E}"
EndProject
Project("{FAE04EC0-301F-11D3-BF4B-00C04F79EFBC}") = "Doc2DataTests", "Doc2DataTests\Doc2DataTests.csproj", "{10D0CE01-3A8D-44A0-BB83-4E2392E31919}"
EndProject
Global
	GlobalSection(SolutionConfigurationPlatforms) = preSolution
		Debug|Any CPU = Debug|Any CPU
		Release|Any CPU = Release|Any CPU
	EndGlobalSection
	GlobalSection(ProjectConfigurationPlatforms) = postSolution
		{000E6AB2-3646-4C3B-9BAE-9055C9384A8E}.Debug|Any CPU.ActiveCfg = Debug|Any CPU
		{000E6AB2-3646-4C3B-9BAE-9055C9384A8E}.Debug|Any CPU.Build.0 = Debug|Any CPU
		{000E6AB2-3646-4C3B-9BAE-9055C9384A8E}.Release|Any CPU.ActiveCfg = Release|Any CPU
		{000E6AB2-3646-4C3B-9BAE-9055C9384A8E}.Release|Any CPU.Build.0 = Release|Any CPU
		{10D0CE01-3A8D-44A0-BB83-4E2392E31919}.Debug|Any CPU.ActiveCfg = Debug|Any CPU
		{10D0CE01-3A8D-44A0-BB83-4E2392E31919}.Debug|Any CPU.Build.0 = Debug|Any CPU
		{10D0CE01-3A8D-44A0-BB83-4E2392E31919}.Release|Any CPU.ActiveCfg = Release|Any CPU
		{10D0CE01-3A8D-44A0-BB83-4E2392E31919}.Release|Any CPU.Build.0 = Release|Any CPU
	EndGlobalSection
	GlobalSection(SolutionProperties) = preSolution
		HideSolutionNode = FALSE
	EndGlobalSection
EndGlobal
